// !$*UTF8*$!
{
	archiveVersion = 1;
	classes = {
	};
	objectVersion = 50;
	objects = {

/* Begin PBXBuildFile section */
		1606E47C211F3EE70027A8B0 /* SamePhone.swift in Sources */ = {isa = PBXBuildFile; fileRef = 1606E47B211F3EE60027A8B0 /* SamePhone.swift */; };
		1606E47E211F46390027A8B0 /* NoNumberContact.swift in Sources */ = {isa = PBXBuildFile; fileRef = 1606E47D211F46390027A8B0 /* NoNumberContact.swift */; };
		16129F8B2124AC7A00A9A14D /* Password.swift in Sources */ = {isa = PBXBuildFile; fileRef = 16129F8A2124AC7A00A9A14D /* Password.swift */; };
		16129F8D2124BB6800A9A14D /* UIview.swift in Sources */ = {isa = PBXBuildFile; fileRef = 16129F8C2124BB6800A9A14D /* UIview.swift */; };
		16146623211396F30032B04C /* PRIMETIME.ttf in Resources */ = {isa = PBXBuildFile; fileRef = 161466222113964E0032B04C /* PRIMETIME.ttf */; };
		162392422115CD8100867BC5 /* SpinnerExtension.swift in Sources */ = {isa = PBXBuildFile; fileRef = 162392412115CD8100867BC5 /* SpinnerExtension.swift */; };
		162B2919210F961F00889251 /* CreatedContact.swift in Sources */ = {isa = PBXBuildFile; fileRef = 162B2918210F961F00889251 /* CreatedContact.swift */; };
		1630A0892132C047002690C6 /* SettingTableViewController.swift in Sources */ = {isa = PBXBuildFile; fileRef = 1630A0882132C047002690C6 /* SettingTableViewController.swift */; };
		163380A621220EAF007728A2 /* NoNameContact.swift in Sources */ = {isa = PBXBuildFile; fileRef = 163380A521220EAF007728A2 /* NoNameContact.swift */; };
		163380A821221168007728A2 /* NoNameTableViewController.swift in Sources */ = {isa = PBXBuildFile; fileRef = 163380A721221168007728A2 /* NoNameTableViewController.swift */; };
		16415D0F213485E6001FB22A /* UiImage.swift in Sources */ = {isa = PBXBuildFile; fileRef = 16415D0E213485E6001FB22A /* UiImage.swift */; };
		16483E65210E26A1008DE344 /* PasswordViewController.swift in Sources */ = {isa = PBXBuildFile; fileRef = 16483E64210E26A1008DE344 /* PasswordViewController.swift */; };
		164D0DB8211C7FF100D2EEC9 /* SamePhoneTableViewController.swift in Sources */ = {isa = PBXBuildFile; fileRef = 164D0DB7211C7FF100D2EEC9 /* SamePhoneTableViewController.swift */; };
		164D0DBA211C800E00D2EEC9 /* SameNameTableViewController.swift in Sources */ = {isa = PBXBuildFile; fileRef = 164D0DB9211C800E00D2EEC9 /* SameNameTableViewController.swift */; };
		164D0DBC211C997700D2EEC9 /* SameName.swift in Sources */ = {isa = PBXBuildFile; fileRef = 164D0DBB211C997700D2EEC9 /* SameName.swift */; };
		16517CDD21392615004A8503 /* SinkinSans-100Thin.otf in Resources */ = {isa = PBXBuildFile; fileRef = 16517CD8213924ED004A8503 /* SinkinSans-100Thin.otf */; };
		16517CDE2139261A004A8503 /* SinkinSans-200XLight.otf in Resources */ = {isa = PBXBuildFile; fileRef = 16517CD2213924CB004A8503 /* SinkinSans-200XLight.otf */; };
		16517CDF2139261E004A8503 /* SinkinSans-300Light.otf in Resources */ = {isa = PBXBuildFile; fileRef = 16517CDA213924F7004A8503 /* SinkinSans-300Light.otf */; };
		16517CE021392623004A8503 /* SinkinSans-400Italic.otf in Resources */ = {isa = PBXBuildFile; fileRef = 16517CD3213924D1004A8503 /* SinkinSans-400Italic.otf */; };
		16517CE121392628004A8503 /* SinkinSans-500Medium.otf in Resources */ = {isa = PBXBuildFile; fileRef = 16517CD4213924D6004A8503 /* SinkinSans-500Medium.otf */; };
		16517CE22139262D004A8503 /* SinkinSans-600SemiBold.otf in Resources */ = {isa = PBXBuildFile; fileRef = 16517CCC213924A6004A8503 /* SinkinSans-600SemiBold.otf */; };
		16517CE321392633004A8503 /* SinkinSans-700Bold.otf in Resources */ = {isa = PBXBuildFile; fileRef = 16517CCD213924AD004A8503 /* SinkinSans-700Bold.otf */; };
		16517CE421392638004A8503 /* SinkinSans-800Black.otf in Resources */ = {isa = PBXBuildFile; fileRef = 16517CDC21392503004A8503 /* SinkinSans-800Black.otf */; };
		16517CE52139263D004A8503 /* SinkinSans-900XBlack.otf in Resources */ = {isa = PBXBuildFile; fileRef = 16517CD0213924C0004A8503 /* SinkinSans-900XBlack.otf */; };
		16517CE621392644004A8503 /* SinkinSans-900XBlackItalic.otf in Resources */ = {isa = PBXBuildFile; fileRef = 16517CD1213924C6004A8503 /* SinkinSans-900XBlackItalic.otf */; };
		16517CE721392663004A8503 /* SinkinSans-100ThinItalic.otf in Resources */ = {isa = PBXBuildFile; fileRef = 16517CCB2139249F004A8503 /* SinkinSans-100ThinItalic.otf */; };
		16517CE821392667004A8503 /* SinkinSans-200XLightItalic.otf in Resources */ = {isa = PBXBuildFile; fileRef = 16517CD6213924E1004A8503 /* SinkinSans-200XLightItalic.otf */; };
		16517CE92139266B004A8503 /* SinkinSans-300LightItalic.otf in Resources */ = {isa = PBXBuildFile; fileRef = 16517CDB213924FD004A8503 /* SinkinSans-300LightItalic.otf */; };
		16517CEA2139266F004A8503 /* SinkinSans-400Regular.otf in Resources */ = {isa = PBXBuildFile; fileRef = 16517CCF213924BA004A8503 /* SinkinSans-400Regular.otf */; };
		16517CEB21392671004A8503 /* SinkinSans-500MediumItalic.otf in Resources */ = {isa = PBXBuildFile; fileRef = 16517CD9213924F2004A8503 /* SinkinSans-500MediumItalic.otf */; };
		16517CEC21392674004A8503 /* SinkinSans-600SemiBoldItali.otf in Resources */ = {isa = PBXBuildFile; fileRef = 16517CD5213924DB004A8503 /* SinkinSans-600SemiBoldItali.otf */; };
		16517CED21392678004A8503 /* SinkinSans-700BoldItalic.otf in Resources */ = {isa = PBXBuildFile; fileRef = 16517CD7213924E7004A8503 /* SinkinSans-700BoldItalic.otf */; };
		16517CEE2139267C004A8503 /* SinkinSans-800BlackItalic.otf in Resources */ = {isa = PBXBuildFile; fileRef = 16517CCE213924B3004A8503 /* SinkinSans-800BlackItalic.otf */; };
		165BC823210F1F1B008378B5 /* PrivateContactViewController.swift in Sources */ = {isa = PBXBuildFile; fileRef = 165BC822210F1F1B008378B5 /* PrivateContactViewController.swift */; };
		166E802E21345CEC0034BB79 /* PvContact.swift in Sources */ = {isa = PBXBuildFile; fileRef = 166E802D21345CEC0034BB79 /* PvContact.swift */; };
		16708F792132EE98005FFA8C /* RoudedImage.swift in Sources */ = {isa = PBXBuildFile; fileRef = 16708F782132EE98005FFA8C /* RoudedImage.swift */; };
		16712B282136E78800A25464 /* SecurityTableViewController.swift in Sources */ = {isa = PBXBuildFile; fileRef = 16712B272136E78800A25464 /* SecurityTableViewController.swift */; };
		167260F52131A0180070AA5A /* RoundedView.swift in Sources */ = {isa = PBXBuildFile; fileRef = 167260F42131A0180070AA5A /* RoundedView.swift */; };
		1676703321247E0300C3B34B /* RoundedButton.swift in Sources */ = {isa = PBXBuildFile; fileRef = 1676703221247E0300C3B34B /* RoundedButton.swift */; };
		167A408821037D0400544163 /* AppDelegate.swift in Sources */ = {isa = PBXBuildFile; fileRef = 167A408721037D0400544163 /* AppDelegate.swift */; };
		167A408D21037D0400544163 /* Main.storyboard in Resources */ = {isa = PBXBuildFile; fileRef = 167A408B21037D0400544163 /* Main.storyboard */; };
		167A408F21037D0800544163 /* Assets.xcassets in Resources */ = {isa = PBXBuildFile; fileRef = 167A408E21037D0800544163 /* Assets.xcassets */; };
		167A409221037D0800544163 /* LaunchScreen.storyboard in Resources */ = {isa = PBXBuildFile; fileRef = 167A409021037D0800544163 /* LaunchScreen.storyboard */; };
		167A409E21037E6900544163 /* FtechContact.swift in Sources */ = {isa = PBXBuildFile; fileRef = 167A409D21037E6900544163 /* FtechContact.swift */; };
		167B716B211DBABC0082DA04 /* DetailSameNameTableViewController.swift in Sources */ = {isa = PBXBuildFile; fileRef = 167B716A211DBABC0082DA04 /* DetailSameNameTableViewController.swift */; };
		1687ECA3213529A5000FB9AC /* DetialContactViewController.swift in Sources */ = {isa = PBXBuildFile; fileRef = 1687ECA2213529A5000FB9AC /* DetialContactViewController.swift */; };
		169B455E210458A400D99AE4 /* ContactDeleteTableViewController.swift in Sources */ = {isa = PBXBuildFile; fileRef = 169B455D210458A400D99AE4 /* ContactDeleteTableViewController.swift */; };
		16B188C02122C73C009C95D0 /* SameContactTableViewController.swift in Sources */ = {isa = PBXBuildFile; fileRef = 16B188BF2122C73C009C95D0 /* SameContactTableViewController.swift */; };
		16B188C22122C7C5009C95D0 /* SameContact.swift in Sources */ = {isa = PBXBuildFile; fileRef = 16B188C12122C7C5009C95D0 /* SameContact.swift */; };
		16B7892421312D3F000B6E7A /* PVTableViewCell.swift in Sources */ = {isa = PBXBuildFile; fileRef = 16B7892321312D3E000B6E7A /* PVTableViewCell.swift */; };
		16C3DE912122EA5800C5BCCB /* DetialSameContactTableViewController.swift in Sources */ = {isa = PBXBuildFile; fileRef = 16C3DE902122EA5800C5BCCB /* DetialSameContactTableViewController.swift */; };
		16CF81A421380F6500C6ED6C /* SetPasswordViewController.swift in Sources */ = {isa = PBXBuildFile; fileRef = 16CF81A321380F6500C6ED6C /* SetPasswordViewController.swift */; };
		16D1F04D212549210099D35B /* CustomTextFiled.swift in Sources */ = {isa = PBXBuildFile; fileRef = 16D1F04C212549210099D35B /* CustomTextFiled.swift */; };
		16D5892121297E5D003F22AA /* PrivateContact.swift in Sources */ = {isa = PBXBuildFile; fileRef = 16D5892021297E5D003F22AA /* PrivateContact.swift */; };
		16E413922120494B001EC14C /* DetailSamePhoneTableViewController.swift in Sources */ = {isa = PBXBuildFile; fileRef = 16E413912120494A001EC14C /* DetailSamePhoneTableViewController.swift */; };
		16EA81D5213297530085970F /* AboutDeveloper.swift in Sources */ = {isa = PBXBuildFile; fileRef = 16EA81D3213297530085970F /* AboutDeveloper.swift */; };
		16EA81D6213297530085970F /* AboutDeveloper.xib in Resources */ = {isa = PBXBuildFile; fileRef = 16EA81D4213297530085970F /* AboutDeveloper.xib */; };
		16EEBEE1213412EB0020978B /* UnderLineTextFelid.swift in Sources */ = {isa = PBXBuildFile; fileRef = 16EEBEE0213412EB0020978B /* UnderLineTextFelid.swift */; };
		16EEBEE321341DD70020978B /* CreatedContactViewController.swift in Sources */ = {isa = PBXBuildFile; fileRef = 16EEBEE221341DD70020978B /* CreatedContactViewController.swift */; };
		16F189D62116D2440054DBEF /* TabBarExtensions.swift in Sources */ = {isa = PBXBuildFile; fileRef = 16F189D52116D2440054DBEF /* TabBarExtensions.swift */; };
		16F189D82116F6AD0054DBEF /* UiViewController.swift in Sources */ = {isa = PBXBuildFile; fileRef = 16F189D72116F6AD0054DBEF /* UiViewController.swift */; };
		16FB98CC2104C6B500CF8AD2 /* constants.swift in Sources */ = {isa = PBXBuildFile; fileRef = 16FB98CB2104C6B500CF8AD2 /* constants.swift */; };
		16FE7DF2212F1A54005056C9 /* MenuContactViewController.swift in Sources */ = {isa = PBXBuildFile; fileRef = 16FE7DF1212F1A54005056C9 /* MenuContactViewController.swift */; };
		16FF98F7211B464C0070B781 /* NoNumberTableViewController.swift in Sources */ = {isa = PBXBuildFile; fileRef = 16FF98F6211B464C0070B781 /* NoNumberTableViewController.swift */; };
		E16E8C58E5DC62754C214954 /* Pods_ContacsDelete.framework in Frameworks */ = {isa = PBXBuildFile; fileRef = F74E67A1D11995997B03BB93 /* Pods_ContacsDelete.framework */; };
/* End PBXBuildFile section */

/* Begin PBXFileReference section */
		1606E47B211F3EE60027A8B0 /* SamePhone.swift */ = {isa = PBXFileReference; lastKnownFileType = sourcecode.swift; path = SamePhone.swift; sourceTree = "<group>"; };
		1606E47D211F46390027A8B0 /* NoNumberContact.swift */ = {isa = PBXFileReference; lastKnownFileType = sourcecode.swift; path = NoNumberContact.swift; sourceTree = "<group>"; };
		16129F8A2124AC7A00A9A14D /* Password.swift */ = {isa = PBXFileReference; lastKnownFileType = sourcecode.swift; path = Password.swift; sourceTree = "<group>"; };
		16129F8C2124BB6800A9A14D /* UIview.swift */ = {isa = PBXFileReference; lastKnownFileType = sourcecode.swift; path = UIview.swift; sourceTree = "<group>"; };
		161466222113964E0032B04C /* PRIMETIME.ttf */ = {isa = PBXFileReference; lastKnownFileType = file; path = PRIMETIME.ttf; sourceTree = "<group>"; };
		162392412115CD8100867BC5 /* SpinnerExtension.swift */ = {isa = PBXFileReference; lastKnownFileType = sourcecode.swift; path = SpinnerExtension.swift; sourceTree = "<group>"; };
		162B2918210F961F00889251 /* CreatedContact.swift */ = {isa = PBXFileReference; lastKnownFileType = sourcecode.swift; path = CreatedContact.swift; sourceTree = "<group>"; };
		1630A0882132C047002690C6 /* SettingTableViewController.swift */ = {isa = PBXFileReference; lastKnownFileType = sourcecode.swift; path = SettingTableViewController.swift; sourceTree = "<group>"; };
		163380A521220EAF007728A2 /* NoNameContact.swift */ = {isa = PBXFileReference; lastKnownFileType = sourcecode.swift; path = NoNameContact.swift; sourceTree = "<group>"; };
		163380A721221168007728A2 /* NoNameTableViewController.swift */ = {isa = PBXFileReference; lastKnownFileType = sourcecode.swift; path = NoNameTableViewController.swift; sourceTree = "<group>"; };
		16415D0E213485E6001FB22A /* UiImage.swift */ = {isa = PBXFileReference; lastKnownFileType = sourcecode.swift; path = UiImage.swift; sourceTree = "<group>"; };
		16483E64210E26A1008DE344 /* PasswordViewController.swift */ = {isa = PBXFileReference; lastKnownFileType = sourcecode.swift; path = PasswordViewController.swift; sourceTree = "<group>"; };
		164D0DB7211C7FF100D2EEC9 /* SamePhoneTableViewController.swift */ = {isa = PBXFileReference; lastKnownFileType = sourcecode.swift; path = SamePhoneTableViewController.swift; sourceTree = "<group>"; };
		164D0DB9211C800E00D2EEC9 /* SameNameTableViewController.swift */ = {isa = PBXFileReference; lastKnownFileType = sourcecode.swift; path = SameNameTableViewController.swift; sourceTree = "<group>"; };
		164D0DBB211C997700D2EEC9 /* SameName.swift */ = {isa = PBXFileReference; lastKnownFileType = sourcecode.swift; path = SameName.swift; sourceTree = "<group>"; };
		16517CCB2139249F004A8503 /* SinkinSans-100ThinItalic.otf */ = {isa = PBXFileReference; lastKnownFileType = file; path = "SinkinSans-100ThinItalic.otf"; sourceTree = "<group>"; };
		16517CCC213924A6004A8503 /* SinkinSans-600SemiBold.otf */ = {isa = PBXFileReference; lastKnownFileType = file; path = "SinkinSans-600SemiBold.otf"; sourceTree = "<group>"; };
		16517CCD213924AD004A8503 /* SinkinSans-700Bold.otf */ = {isa = PBXFileReference; lastKnownFileType = file; path = "SinkinSans-700Bold.otf"; sourceTree = "<group>"; };
		16517CCE213924B3004A8503 /* SinkinSans-800BlackItalic.otf */ = {isa = PBXFileReference; lastKnownFileType = file; path = "SinkinSans-800BlackItalic.otf"; sourceTree = "<group>"; };
		16517CCF213924BA004A8503 /* SinkinSans-400Regular.otf */ = {isa = PBXFileReference; lastKnownFileType = file; path = "SinkinSans-400Regular.otf"; sourceTree = "<group>"; };
		16517CD0213924C0004A8503 /* SinkinSans-900XBlack.otf */ = {isa = PBXFileReference; lastKnownFileType = file; path = "SinkinSans-900XBlack.otf"; sourceTree = "<group>"; };
		16517CD1213924C6004A8503 /* SinkinSans-900XBlackItalic.otf */ = {isa = PBXFileReference; lastKnownFileType = file; path = "SinkinSans-900XBlackItalic.otf"; sourceTree = "<group>"; };
		16517CD2213924CB004A8503 /* SinkinSans-200XLight.otf */ = {isa = PBXFileReference; lastKnownFileType = file; path = "SinkinSans-200XLight.otf"; sourceTree = "<group>"; };
		16517CD3213924D1004A8503 /* SinkinSans-400Italic.otf */ = {isa = PBXFileReference; lastKnownFileType = file; path = "SinkinSans-400Italic.otf"; sourceTree = "<group>"; };
		16517CD4213924D6004A8503 /* SinkinSans-500Medium.otf */ = {isa = PBXFileReference; lastKnownFileType = file; path = "SinkinSans-500Medium.otf"; sourceTree = "<group>"; };
		16517CD5213924DB004A8503 /* SinkinSans-600SemiBoldItali.otf */ = {isa = PBXFileReference; lastKnownFileType = file; path = "SinkinSans-600SemiBoldItali.otf"; sourceTree = "<group>"; };
		16517CD6213924E1004A8503 /* SinkinSans-200XLightItalic.otf */ = {isa = PBXFileReference; lastKnownFileType = file; path = "SinkinSans-200XLightItalic.otf"; sourceTree = "<group>"; };
		16517CD7213924E7004A8503 /* SinkinSans-700BoldItalic.otf */ = {isa = PBXFileReference; lastKnownFileType = file; path = "SinkinSans-700BoldItalic.otf"; sourceTree = "<group>"; };
		16517CD8213924ED004A8503 /* SinkinSans-100Thin.otf */ = {isa = PBXFileReference; lastKnownFileType = file; path = "SinkinSans-100Thin.otf"; sourceTree = "<group>"; };
		16517CD9213924F2004A8503 /* SinkinSans-500MediumItalic.otf */ = {isa = PBXFileReference; lastKnownFileType = file; path = "SinkinSans-500MediumItalic.otf"; sourceTree = "<group>"; };
		16517CDA213924F7004A8503 /* SinkinSans-300Light.otf */ = {isa = PBXFileReference; lastKnownFileType = file; path = "SinkinSans-300Light.otf"; sourceTree = "<group>"; };
		16517CDB213924FD004A8503 /* SinkinSans-300LightItalic.otf */ = {isa = PBXFileReference; lastKnownFileType = file; path = "SinkinSans-300LightItalic.otf"; sourceTree = "<group>"; };
		16517CDC21392503004A8503 /* SinkinSans-800Black.otf */ = {isa = PBXFileReference; lastKnownFileType = file; path = "SinkinSans-800Black.otf"; sourceTree = "<group>"; };
		165BC822210F1F1B008378B5 /* PrivateContactViewController.swift */ = {isa = PBXFileReference; lastKnownFileType = sourcecode.swift; path = PrivateContactViewController.swift; sourceTree = "<group>"; };
		166E802D21345CEC0034BB79 /* PvContact.swift */ = {isa = PBXFileReference; lastKnownFileType = sourcecode.swift; path = PvContact.swift; sourceTree = "<group>"; };
		16708F782132EE98005FFA8C /* RoudedImage.swift */ = {isa = PBXFileReference; lastKnownFileType = sourcecode.swift; path = RoudedImage.swift; sourceTree = "<group>"; };
		16712B272136E78800A25464 /* SecurityTableViewController.swift */ = {isa = PBXFileReference; lastKnownFileType = sourcecode.swift; path = SecurityTableViewController.swift; sourceTree = "<group>"; };
		167260F42131A0180070AA5A /* RoundedView.swift */ = {isa = PBXFileReference; lastKnownFileType = sourcecode.swift; path = RoundedView.swift; sourceTree = "<group>"; };
		1676703221247E0300C3B34B /* RoundedButton.swift */ = {isa = PBXFileReference; lastKnownFileType = sourcecode.swift; path = RoundedButton.swift; sourceTree = "<group>"; };
		167A408421037D0400544163 /* ContacsDelete.app */ = {isa = PBXFileReference; explicitFileType = wrapper.application; includeInIndex = 0; path = ContacsDelete.app; sourceTree = BUILT_PRODUCTS_DIR; };
		167A408721037D0400544163 /* AppDelegate.swift */ = {isa = PBXFileReference; lastKnownFileType = sourcecode.swift; path = AppDelegate.swift; sourceTree = "<group>"; };
		167A408C21037D0400544163 /* Base */ = {isa = PBXFileReference; lastKnownFileType = file.storyboard; name = Base; path = Base.lproj/Main.storyboard; sourceTree = "<group>"; };
		167A408E21037D0800544163 /* Assets.xcassets */ = {isa = PBXFileReference; lastKnownFileType = folder.assetcatalog; path = Assets.xcassets; sourceTree = "<group>"; };
		167A409121037D0800544163 /* Base */ = {isa = PBXFileReference; lastKnownFileType = file.storyboard; name = Base; path = Base.lproj/LaunchScreen.storyboard; sourceTree = "<group>"; };
		167A409321037D0800544163 /* Info.plist */ = {isa = PBXFileReference; lastKnownFileType = text.plist.xml; path = Info.plist; sourceTree = "<group>"; };
		167A409D21037E6900544163 /* FtechContact.swift */ = {isa = PBXFileReference; lastKnownFileType = sourcecode.swift; path = FtechContact.swift; sourceTree = "<group>"; };
		167B716A211DBABC0082DA04 /* DetailSameNameTableViewController.swift */ = {isa = PBXFileReference; lastKnownFileType = sourcecode.swift; path = DetailSameNameTableViewController.swift; sourceTree = "<group>"; };
		1687ECA2213529A5000FB9AC /* DetialContactViewController.swift */ = {isa = PBXFileReference; lastKnownFileType = sourcecode.swift; path = DetialContactViewController.swift; sourceTree = "<group>"; };
		169B455D210458A400D99AE4 /* ContactDeleteTableViewController.swift */ = {isa = PBXFileReference; lastKnownFileType = sourcecode.swift; path = ContactDeleteTableViewController.swift; sourceTree = "<group>"; };
		16B188BF2122C73C009C95D0 /* SameContactTableViewController.swift */ = {isa = PBXFileReference; lastKnownFileType = sourcecode.swift; path = SameContactTableViewController.swift; sourceTree = "<group>"; };
		16B188C12122C7C5009C95D0 /* SameContact.swift */ = {isa = PBXFileReference; lastKnownFileType = sourcecode.swift; path = SameContact.swift; sourceTree = "<group>"; };
		16B7892321312D3E000B6E7A /* PVTableViewCell.swift */ = {isa = PBXFileReference; lastKnownFileType = sourcecode.swift; path = PVTableViewCell.swift; sourceTree = "<group>"; };
		16C3DE902122EA5800C5BCCB /* DetialSameContactTableViewController.swift */ = {isa = PBXFileReference; lastKnownFileType = sourcecode.swift; path = DetialSameContactTableViewController.swift; sourceTree = "<group>"; };
		16CF81A321380F6500C6ED6C /* SetPasswordViewController.swift */ = {isa = PBXFileReference; lastKnownFileType = sourcecode.swift; path = SetPasswordViewController.swift; sourceTree = "<group>"; };
		16D1F04C212549210099D35B /* CustomTextFiled.swift */ = {isa = PBXFileReference; lastKnownFileType = sourcecode.swift; path = CustomTextFiled.swift; sourceTree = "<group>"; };
		16D5892021297E5D003F22AA /* PrivateContact.swift */ = {isa = PBXFileReference; lastKnownFileType = sourcecode.swift; path = PrivateContact.swift; sourceTree = "<group>"; };
		16E413912120494A001EC14C /* DetailSamePhoneTableViewController.swift */ = {isa = PBXFileReference; lastKnownFileType = sourcecode.swift; path = DetailSamePhoneTableViewController.swift; sourceTree = "<group>"; };
		16EA81D3213297530085970F /* AboutDeveloper.swift */ = {isa = PBXFileReference; lastKnownFileType = sourcecode.swift; path = AboutDeveloper.swift; sourceTree = "<group>"; };
		16EA81D4213297530085970F /* AboutDeveloper.xib */ = {isa = PBXFileReference; lastKnownFileType = file.xib; path = AboutDeveloper.xib; sourceTree = "<group>"; };
		16EEBEE0213412EB0020978B /* UnderLineTextFelid.swift */ = {isa = PBXFileReference; lastKnownFileType = sourcecode.swift; path = UnderLineTextFelid.swift; sourceTree = "<group>"; };
		16EEBEE221341DD70020978B /* CreatedContactViewController.swift */ = {isa = PBXFileReference; lastKnownFileType = sourcecode.swift; path = CreatedContactViewController.swift; sourceTree = "<group>"; };
		16F189D52116D2440054DBEF /* TabBarExtensions.swift */ = {isa = PBXFileReference; lastKnownFileType = sourcecode.swift; path = TabBarExtensions.swift; sourceTree = "<group>"; };
		16F189D72116F6AD0054DBEF /* UiViewController.swift */ = {isa = PBXFileReference; lastKnownFileType = sourcecode.swift; path = UiViewController.swift; sourceTree = "<group>"; };
		16FB98CB2104C6B500CF8AD2 /* constants.swift */ = {isa = PBXFileReference; lastKnownFileType = sourcecode.swift; path = constants.swift; sourceTree = "<group>"; };
		16FE7DF1212F1A54005056C9 /* MenuContactViewController.swift */ = {isa = PBXFileReference; lastKnownFileType = sourcecode.swift; path = MenuContactViewController.swift; sourceTree = "<group>"; };
		16FF98F6211B464C0070B781 /* NoNumberTableViewController.swift */ = {isa = PBXFileReference; lastKnownFileType = sourcecode.swift; path = NoNumberTableViewController.swift; sourceTree = "<group>"; };
		1BFFA16ECED48B14D154B15B /* Pods-ContacsDelete.debug.xcconfig */ = {isa = PBXFileReference; includeInIndex = 1; lastKnownFileType = text.xcconfig; name = "Pods-ContacsDelete.debug.xcconfig"; path = "Pods/Target Support Files/Pods-ContacsDelete/Pods-ContacsDelete.debug.xcconfig"; sourceTree = "<group>"; };
		CDEAE31FD8BF23EBA2F39F52 /* Pods-ContacsDelete.release.xcconfig */ = {isa = PBXFileReference; includeInIndex = 1; lastKnownFileType = text.xcconfig; name = "Pods-ContacsDelete.release.xcconfig"; path = "Pods/Target Support Files/Pods-ContacsDelete/Pods-ContacsDelete.release.xcconfig"; sourceTree = "<group>"; };
		F74E67A1D11995997B03BB93 /* Pods_ContacsDelete.framework */ = {isa = PBXFileReference; explicitFileType = wrapper.framework; includeInIndex = 0; path = Pods_ContacsDelete.framework; sourceTree = BUILT_PRODUCTS_DIR; };
/* End PBXFileReference section */

/* Begin PBXFrameworksBuildPhase section */
		167A408121037D0400544163 /* Frameworks */ = {
			isa = PBXFrameworksBuildPhase;
			buildActionMask = 2147483647;
			files = (
				E16E8C58E5DC62754C214954 /* Pods_ContacsDelete.framework in Frameworks */,
			);
			runOnlyForDeploymentPostprocessing = 0;
		};
/* End PBXFrameworksBuildPhase section */

/* Begin PBXGroup section */
		162392402115CA0900867BC5 /* Extensions */ = {
			isa = PBXGroup;
			children = (
				162392412115CD8100867BC5 /* SpinnerExtension.swift */,
				16F189D52116D2440054DBEF /* TabBarExtensions.swift */,
				16F189D72116F6AD0054DBEF /* UiViewController.swift */,
				16129F8C2124BB6800A9A14D /* UIview.swift */,
				16415D0E213485E6001FB22A /* UiImage.swift */,
			);
			path = Extensions;
			sourceTree = "<group>";
		};
		163BB2F7211246CB0040E289 /* Font */ = {
			isa = PBXGroup;
			children = (
				16517CD8213924ED004A8503 /* SinkinSans-100Thin.otf */,
				16517CCB2139249F004A8503 /* SinkinSans-100ThinItalic.otf */,
				16517CD2213924CB004A8503 /* SinkinSans-200XLight.otf */,
				16517CD6213924E1004A8503 /* SinkinSans-200XLightItalic.otf */,
				16517CDA213924F7004A8503 /* SinkinSans-300Light.otf */,
				16517CDB213924FD004A8503 /* SinkinSans-300LightItalic.otf */,
				16517CD3213924D1004A8503 /* SinkinSans-400Italic.otf */,
				16517CCF213924BA004A8503 /* SinkinSans-400Regular.otf */,
				16517CD4213924D6004A8503 /* SinkinSans-500Medium.otf */,
				16517CD9213924F2004A8503 /* SinkinSans-500MediumItalic.otf */,
				16517CCC213924A6004A8503 /* SinkinSans-600SemiBold.otf */,
				16517CD5213924DB004A8503 /* SinkinSans-600SemiBoldItali.otf */,
				16517CCD213924AD004A8503 /* SinkinSans-700Bold.otf */,
				16517CD7213924E7004A8503 /* SinkinSans-700BoldItalic.otf */,
				16517CDC21392503004A8503 /* SinkinSans-800Black.otf */,
				16517CCE213924B3004A8503 /* SinkinSans-800BlackItalic.otf */,
				16517CD0213924C0004A8503 /* SinkinSans-900XBlack.otf */,
				16517CD1213924C6004A8503 /* SinkinSans-900XBlackItalic.otf */,
				161466222113964E0032B04C /* PRIMETIME.ttf */,
			);
			path = Font;
			sourceTree = "<group>";
		};
		167A407B21037D0400544163 = {
			isa = PBXGroup;
			children = (
				167A408621037D0400544163 /* SuperContact */,
				167A408521037D0400544163 /* Products */,
				5C42C49383CB6103FA3EB4B4 /* Pods */,
				A9394B00C57743060D01A34D /* Frameworks */,
			);
			sourceTree = "<group>";
		};
		167A408521037D0400544163 /* Products */ = {
			isa = PBXGroup;
			children = (
				167A408421037D0400544163 /* ContacsDelete.app */,
			);
			name = Products;
			sourceTree = "<group>";
		};
		167A408621037D0400544163 /* SuperContact */ = {
			isa = PBXGroup;
			children = (
				162392402115CA0900867BC5 /* Extensions */,
				163BB2F7211246CB0040E289 /* Font */,
				16FB98CA2104C5C400CF8AD2 /* Uitilities */,
				167A409921037D3700544163 /* Model */,
				167A409A21037D5100544163 /* View */,
				167A409B21037D6500544163 /* Controller */,
				167A408721037D0400544163 /* AppDelegate.swift */,
				167A408B21037D0400544163 /* Main.storyboard */,
				167A408E21037D0800544163 /* Assets.xcassets */,
				167A409021037D0800544163 /* LaunchScreen.storyboard */,
				167A409321037D0800544163 /* Info.plist */,
			);
			path = SuperContact;
			sourceTree = "<group>";
		};
		167A409921037D3700544163 /* Model */ = {
			isa = PBXGroup;
			children = (
				162B2918210F961F00889251 /* CreatedContact.swift */,
				16D5892021297E5D003F22AA /* PrivateContact.swift */,
			);
			path = Model;
			sourceTree = "<group>";
		};
		167A409A21037D5100544163 /* View */ = {
			isa = PBXGroup;
			children = (
				167A409D21037E6900544163 /* FtechContact.swift */,
				164D0DBB211C997700D2EEC9 /* SameName.swift */,
				1606E47B211F3EE60027A8B0 /* SamePhone.swift */,
				1606E47D211F46390027A8B0 /* NoNumberContact.swift */,
				163380A521220EAF007728A2 /* NoNameContact.swift */,
				1676703221247E0300C3B34B /* RoundedButton.swift */,
				16B188C12122C7C5009C95D0 /* SameContact.swift */,
				16129F8A2124AC7A00A9A14D /* Password.swift */,
				16D1F04C212549210099D35B /* CustomTextFiled.swift */,
				16B7892321312D3E000B6E7A /* PVTableViewCell.swift */,
				167260F42131A0180070AA5A /* RoundedView.swift */,
				16708F782132EE98005FFA8C /* RoudedImage.swift */,
				16EEBEE0213412EB0020978B /* UnderLineTextFelid.swift */,
				166E802D21345CEC0034BB79 /* PvContact.swift */,
			);
			path = View;
			sourceTree = "<group>";
		};
		167A409B21037D6500544163 /* Controller */ = {
			isa = PBXGroup;
			children = (
				169B455D210458A400D99AE4 /* ContactDeleteTableViewController.swift */,
				16483E64210E26A1008DE344 /* PasswordViewController.swift */,
				165BC822210F1F1B008378B5 /* PrivateContactViewController.swift */,
				16FF98F6211B464C0070B781 /* NoNumberTableViewController.swift */,
				164D0DB7211C7FF100D2EEC9 /* SamePhoneTableViewController.swift */,
				164D0DB9211C800E00D2EEC9 /* SameNameTableViewController.swift */,
				167B716A211DBABC0082DA04 /* DetailSameNameTableViewController.swift */,
				16E413912120494A001EC14C /* DetailSamePhoneTableViewController.swift */,
				163380A721221168007728A2 /* NoNameTableViewController.swift */,
				16B188BF2122C73C009C95D0 /* SameContactTableViewController.swift */,
				16C3DE902122EA5800C5BCCB /* DetialSameContactTableViewController.swift */,
				16FE7DF1212F1A54005056C9 /* MenuContactViewController.swift */,
				16EA81D3213297530085970F /* AboutDeveloper.swift */,
				16EA81D4213297530085970F /* AboutDeveloper.xib */,
				1630A0882132C047002690C6 /* SettingTableViewController.swift */,
				16EEBEE221341DD70020978B /* CreatedContactViewController.swift */,
				1687ECA2213529A5000FB9AC /* DetialContactViewController.swift */,
				16712B272136E78800A25464 /* SecurityTableViewController.swift */,
				16CF81A321380F6500C6ED6C /* SetPasswordViewController.swift */,
			);
			path = Controller;
			sourceTree = "<group>";
		};
		16FB98CA2104C5C400CF8AD2 /* Uitilities */ = {
			isa = PBXGroup;
			children = (
				16FB98CB2104C6B500CF8AD2 /* constants.swift */,
			);
			path = Uitilities;
			sourceTree = "<group>";
		};
		5C42C49383CB6103FA3EB4B4 /* Pods */ = {
			isa = PBXGroup;
			children = (
				1BFFA16ECED48B14D154B15B /* Pods-ContacsDelete.debug.xcconfig */,
				CDEAE31FD8BF23EBA2F39F52 /* Pods-ContacsDelete.release.xcconfig */,
			);
			name = Pods;
			sourceTree = "<group>";
		};
		A9394B00C57743060D01A34D /* Frameworks */ = {
			isa = PBXGroup;
			children = (
				F74E67A1D11995997B03BB93 /* Pods_ContacsDelete.framework */,
			);
			name = Frameworks;
			sourceTree = "<group>";
		};
/* End PBXGroup section */

/* Begin PBXNativeTarget section */
		167A408321037D0400544163 /* ContacsDelete */ = {
			isa = PBXNativeTarget;
			buildConfigurationList = 167A409621037D0800544163 /* Build configuration list for PBXNativeTarget "ContacsDelete" */;
			buildPhases = (
				044DB34312ECF24B2EC622F4 /* [CP] Check Pods Manifest.lock */,
				167A408021037D0400544163 /* Sources */,
				167A408121037D0400544163 /* Frameworks */,
				167A408221037D0400544163 /* Resources */,
				C0502D11E7CCA02A11012EA6 /* [CP] Embed Pods Frameworks */,
			);
			buildRules = (
			);
			dependencies = (
			);
			name = ContacsDelete;
			productName = ContacsDelete;
			productReference = 167A408421037D0400544163 /* ContacsDelete.app */;
			productType = "com.apple.product-type.application";
		};
/* End PBXNativeTarget section */

/* Begin PBXProject section */
		167A407C21037D0400544163 /* Project object */ = {
			isa = PBXProject;
			attributes = {
				LastSwiftUpdateCheck = 0940;
				LastUpgradeCheck = 0940;
				ORGANIZATIONNAME = iPersianDeveloper;
				TargetAttributes = {
					167A408321037D0400544163 = {
						CreatedOnToolsVersion = 9.4;
					};
				};
			};
			buildConfigurationList = 167A407F21037D0400544163 /* Build configuration list for PBXProject "ContacsDelete" */;
			compatibilityVersion = "Xcode 9.3";
			developmentRegion = en;
			hasScannedForEncodings = 0;
			knownRegions = (
				en,
				Base,
			);
			mainGroup = 167A407B21037D0400544163;
			productRefGroup = 167A408521037D0400544163 /* Products */;
			projectDirPath = "";
			projectRoot = "";
			targets = (
				167A408321037D0400544163 /* ContacsDelete */,
			);
		};
/* End PBXProject section */

/* Begin PBXResourcesBuildPhase section */
		167A408221037D0400544163 /* Resources */ = {
			isa = PBXResourcesBuildPhase;
			buildActionMask = 2147483647;
			files = (
				16517CEE2139267C004A8503 /* SinkinSans-800BlackItalic.otf in Resources */,
				16517CED21392678004A8503 /* SinkinSans-700BoldItalic.otf in Resources */,
				16517CEC21392674004A8503 /* SinkinSans-600SemiBoldItali.otf in Resources */,
				16517CEB21392671004A8503 /* SinkinSans-500MediumItalic.otf in Resources */,
				16517CEA2139266F004A8503 /* SinkinSans-400Regular.otf in Resources */,
				16517CE92139266B004A8503 /* SinkinSans-300LightItalic.otf in Resources */,
				16517CE821392667004A8503 /* SinkinSans-200XLightItalic.otf in Resources */,
				16517CE721392663004A8503 /* SinkinSans-100ThinItalic.otf in Resources */,
				16517CE621392644004A8503 /* SinkinSans-900XBlackItalic.otf in Resources */,
				16517CE52139263D004A8503 /* SinkinSans-900XBlack.otf in Resources */,
				16517CE421392638004A8503 /* SinkinSans-800Black.otf in Resources */,
				16517CE321392633004A8503 /* SinkinSans-700Bold.otf in Resources */,
				16517CE22139262D004A8503 /* SinkinSans-600SemiBold.otf in Resources */,
				16517CE121392628004A8503 /* SinkinSans-500Medium.otf in Resources */,
				16517CE021392623004A8503 /* SinkinSans-400Italic.otf in Resources */,
				16517CDF2139261E004A8503 /* SinkinSans-300Light.otf in Resources */,
				16517CDE2139261A004A8503 /* SinkinSans-200XLight.otf in Resources */,
				16517CDD21392615004A8503 /* SinkinSans-100Thin.otf in Resources */,
				16146623211396F30032B04C /* PRIMETIME.ttf in Resources */,
				167A409221037D0800544163 /* LaunchScreen.storyboard in Resources */,
				167A408F21037D0800544163 /* Assets.xcassets in Resources */,
				167A408D21037D0400544163 /* Main.storyboard in Resources */,
				16EA81D6213297530085970F /* AboutDeveloper.xib in Resources */,
			);
			runOnlyForDeploymentPostprocessing = 0;
		};
/* End PBXResourcesBuildPhase section */

/* Begin PBXShellScriptBuildPhase section */
		044DB34312ECF24B2EC622F4 /* [CP] Check Pods Manifest.lock */ = {
			isa = PBXShellScriptBuildPhase;
			buildActionMask = 2147483647;
			files = (
			);
			inputPaths = (
				"${PODS_PODFILE_DIR_PATH}/Podfile.lock",
				"${PODS_ROOT}/Manifest.lock",
			);
			name = "[CP] Check Pods Manifest.lock";
			outputPaths = (
				"$(DERIVED_FILE_DIR)/Pods-ContacsDelete-checkManifestLockResult.txt",
			);
			runOnlyForDeploymentPostprocessing = 0;
			shellPath = /bin/sh;
			shellScript = "diff \"${PODS_PODFILE_DIR_PATH}/Podfile.lock\" \"${PODS_ROOT}/Manifest.lock\" > /dev/null\nif [ $? != 0 ] ; then\n    # print error to STDERR\n    echo \"error: The sandbox is not in sync with the Podfile.lock. Run 'pod install' or update your CocoaPods installation.\" >&2\n    exit 1\nfi\n# This output is used by Xcode 'outputs' to avoid re-running this script phase.\necho \"SUCCESS\" > \"${SCRIPT_OUTPUT_FILE_0}\"\n";
			showEnvVarsInLog = 0;
		};
		C0502D11E7CCA02A11012EA6 /* [CP] Embed Pods Frameworks */ = {
			isa = PBXShellScriptBuildPhase;
			buildActionMask = 2147483647;
			files = (
			);
			inputPaths = (
				"${SRCROOT}/Pods/Target Support Files/Pods-ContacsDelete/Pods-ContacsDelete-frameworks.sh",
				"${BUILT_PRODUCTS_DIR}/FoldingCell/FoldingCell.framework",
				"${BUILT_PRODUCTS_DIR}/NVActivityIndicatorView/NVActivityIndicatorView.framework",
			);
			name = "[CP] Embed Pods Frameworks";
			outputPaths = (
				"${TARGET_BUILD_DIR}/${FRAMEWORKS_FOLDER_PATH}/FoldingCell.framework",
				"${TARGET_BUILD_DIR}/${FRAMEWORKS_FOLDER_PATH}/NVActivityIndicatorView.framework",
			);
			runOnlyForDeploymentPostprocessing = 0;
			shellPath = /bin/sh;
			shellScript = "\"${SRCROOT}/Pods/Target Support Files/Pods-ContacsDelete/Pods-ContacsDelete-frameworks.sh\"\n";
			showEnvVarsInLog = 0;
		};
/* End PBXShellScriptBuildPhase section */

/* Begin PBXSourcesBuildPhase section */
		167A408021037D0400544163 /* Sources */ = {
			isa = PBXSourcesBuildPhase;
			buildActionMask = 2147483647;
			files = (
				16D1F04D212549210099D35B /* CustomTextFiled.swift in Sources */,
				16CF81A421380F6500C6ED6C /* SetPasswordViewController.swift in Sources */,
				16B7892421312D3F000B6E7A /* PVTableViewCell.swift in Sources */,
				16E413922120494B001EC14C /* DetailSamePhoneTableViewController.swift in Sources */,
				16D5892121297E5D003F22AA /* PrivateContact.swift in Sources */,
				16FE7DF2212F1A54005056C9 /* MenuContactViewController.swift in Sources */,
				163380A821221168007728A2 /* NoNameTableViewController.swift in Sources */,
				169B455E210458A400D99AE4 /* ContactDeleteTableViewController.swift in Sources */,
				16129F8B2124AC7A00A9A14D /* Password.swift in Sources */,
				1606E47E211F46390027A8B0 /* NoNumberContact.swift in Sources */,
				16712B282136E78800A25464 /* SecurityTableViewController.swift in Sources */,
				165BC823210F1F1B008378B5 /* PrivateContactViewController.swift in Sources */,
				16EA81D5213297530085970F /* AboutDeveloper.swift in Sources */,
				16F189D62116D2440054DBEF /* TabBarExtensions.swift in Sources */,
				164D0DBC211C997700D2EEC9 /* SameName.swift in Sources */,
				16129F8D2124BB6800A9A14D /* UIview.swift in Sources */,
				1687ECA3213529A5000FB9AC /* DetialContactViewController.swift in Sources */,
				167A409E21037E6900544163 /* FtechContact.swift in Sources */,
				16C3DE912122EA5800C5BCCB /* DetialSameContactTableViewController.swift in Sources */,
				163380A621220EAF007728A2 /* NoNameContact.swift in Sources */,
				16483E65210E26A1008DE344 /* PasswordViewController.swift in Sources */,
				162B2919210F961F00889251 /* CreatedContact.swift in Sources */,
				16EEBEE321341DD70020978B /* CreatedContactViewController.swift in Sources */,
				164D0DBA211C800E00D2EEC9 /* SameNameTableViewController.swift in Sources */,
				16FB98CC2104C6B500CF8AD2 /* constants.swift in Sources */,
				16EEBEE1213412EB0020978B /* UnderLineTextFelid.swift in Sources */,
				1606E47C211F3EE70027A8B0 /* SamePhone.swift in Sources */,
				167B716B211DBABC0082DA04 /* DetailSameNameTableViewController.swift in Sources */,
				16708F792132EE98005FFA8C /* RoudedImage.swift in Sources */,
				16FF98F7211B464C0070B781 /* NoNumberTableViewController.swift in Sources */,
				167260F52131A0180070AA5A /* RoundedView.swift in Sources */,
				164D0DB8211C7FF100D2EEC9 /* SamePhoneTableViewController.swift in Sources */,
				16B188C22122C7C5009C95D0 /* SameContact.swift in Sources */,
				16415D0F213485E6001FB22A /* UiImage.swift in Sources */,
				1676703321247E0300C3B34B /* RoundedButton.swift in Sources */,
				16B188C02122C73C009C95D0 /* SameContactTableViewController.swift in Sources */,
				1630A0892132C047002690C6 /* SettingTableViewController.swift in Sources */,
				166E802E21345CEC0034BB79 /* PvContact.swift in Sources */,
				167A408821037D0400544163 /* AppDelegate.swift in Sources */,
				16F189D82116F6AD0054DBEF /* UiViewController.swift in Sources */,
				162392422115CD8100867BC5 /* SpinnerExtension.swift in Sources */,
			);
			runOnlyForDeploymentPostprocessing = 0;
		};
/* End PBXSourcesBuildPhase section */

/* Begin PBXVariantGroup section */
		167A408B21037D0400544163 /* Main.storyboard */ = {
			isa = PBXVariantGroup;
			children = (
				167A408C21037D0400544163 /* Base */,
			);
			name = Main.storyboard;
			sourceTree = "<group>";
		};
		167A409021037D0800544163 /* LaunchScreen.storyboard */ = {
			isa = PBXVariantGroup;
			children = (
				167A409121037D0800544163 /* Base */,
			);
			name = LaunchScreen.storyboard;
			sourceTree = "<group>";
		};
/* End PBXVariantGroup section */

/* Begin XCBuildConfiguration section */
		167A409421037D0800544163 /* Debug */ = {
			isa = XCBuildConfiguration;
			buildSettings = {
				ALWAYS_SEARCH_USER_PATHS = NO;
				CLANG_ANALYZER_NONNULL = YES;
				CLANG_ANALYZER_NUMBER_OBJECT_CONVERSION = YES_AGGRESSIVE;
				CLANG_CXX_LANGUAGE_STANDARD = "gnu++14";
				CLANG_CXX_LIBRARY = "libc++";
				CLANG_ENABLE_MODULES = YES;
				CLANG_ENABLE_OBJC_ARC = YES;
				CLANG_ENABLE_OBJC_WEAK = YES;
				CLANG_WARN_BLOCK_CAPTURE_AUTORELEASING = YES;
				CLANG_WARN_BOOL_CONVERSION = YES;
				CLANG_WARN_COMMA = YES;
				CLANG_WARN_CONSTANT_CONVERSION = YES;
				CLANG_WARN_DEPRECATED_OBJC_IMPLEMENTATIONS = YES;
				CLANG_WARN_DIRECT_OBJC_ISA_USAGE = YES_ERROR;
				CLANG_WARN_DOCUMENTATION_COMMENTS = YES;
				CLANG_WARN_EMPTY_BODY = YES;
				CLANG_WARN_ENUM_CONVERSION = YES;
				CLANG_WARN_INFINITE_RECURSION = YES;
				CLANG_WARN_INT_CONVERSION = YES;
				CLANG_WARN_NON_LITERAL_NULL_CONVERSION = YES;
				CLANG_WARN_OBJC_IMPLICIT_RETAIN_SELF = YES;
				CLANG_WARN_OBJC_LITERAL_CONVERSION = YES;
				CLANG_WARN_OBJC_ROOT_CLASS = YES_ERROR;
				CLANG_WARN_RANGE_LOOP_ANALYSIS = YES;
				CLANG_WARN_STRICT_PROTOTYPES = YES;
				CLANG_WARN_SUSPICIOUS_MOVE = YES;
				CLANG_WARN_UNGUARDED_AVAILABILITY = YES_AGGRESSIVE;
				CLANG_WARN_UNREACHABLE_CODE = YES;
				CLANG_WARN__DUPLICATE_METHOD_MATCH = YES;
				CODE_SIGN_IDENTITY = "iPhone Developer";
				COPY_PHASE_STRIP = NO;
				DEBUG_INFORMATION_FORMAT = dwarf;
				ENABLE_STRICT_OBJC_MSGSEND = YES;
				ENABLE_TESTABILITY = YES;
				GCC_C_LANGUAGE_STANDARD = gnu11;
				GCC_DYNAMIC_NO_PIC = NO;
				GCC_NO_COMMON_BLOCKS = YES;
				GCC_OPTIMIZATION_LEVEL = 0;
				GCC_PREPROCESSOR_DEFINITIONS = (
					"DEBUG=1",
					"$(inherited)",
				);
				GCC_WARN_64_TO_32_BIT_CONVERSION = YES;
				GCC_WARN_ABOUT_RETURN_TYPE = YES_ERROR;
				GCC_WARN_UNDECLARED_SELECTOR = YES;
				GCC_WARN_UNINITIALIZED_AUTOS = YES_AGGRESSIVE;
				GCC_WARN_UNUSED_FUNCTION = YES;
				GCC_WARN_UNUSED_VARIABLE = YES;
				IPHONEOS_DEPLOYMENT_TARGET = 11.3;
				MTL_ENABLE_DEBUG_INFO = YES;
				ONLY_ACTIVE_ARCH = YES;
				SDKROOT = iphoneos;
				SWIFT_ACTIVE_COMPILATION_CONDITIONS = DEBUG;
				SWIFT_OPTIMIZATION_LEVEL = "-Onone";
			};
			name = Debug;
		};
		167A409521037D0800544163 /* Release */ = {
			isa = XCBuildConfiguration;
			buildSettings = {
				ALWAYS_SEARCH_USER_PATHS = NO;
				CLANG_ANALYZER_NONNULL = YES;
				CLANG_ANALYZER_NUMBER_OBJECT_CONVERSION = YES_AGGRESSIVE;
				CLANG_CXX_LANGUAGE_STANDARD = "gnu++14";
				CLANG_CXX_LIBRARY = "libc++";
				CLANG_ENABLE_MODULES = YES;
				CLANG_ENABLE_OBJC_ARC = YES;
				CLANG_ENABLE_OBJC_WEAK = YES;
				CLANG_WARN_BLOCK_CAPTURE_AUTORELEASING = YES;
				CLANG_WARN_BOOL_CONVERSION = YES;
				CLANG_WARN_COMMA = YES;
				CLANG_WARN_CONSTANT_CONVERSION = YES;
				CLANG_WARN_DEPRECATED_OBJC_IMPLEMENTATIONS = YES;
				CLANG_WARN_DIRECT_OBJC_ISA_USAGE = YES_ERROR;
				CLANG_WARN_DOCUMENTATION_COMMENTS = YES;
				CLANG_WARN_EMPTY_BODY = YES;
				CLANG_WARN_ENUM_CONVERSION = YES;
				CLANG_WARN_INFINITE_RECURSION = YES;
				CLANG_WARN_INT_CONVERSION = YES;
				CLANG_WARN_NON_LITERAL_NULL_CONVERSION = YES;
				CLANG_WARN_OBJC_IMPLICIT_RETAIN_SELF = YES;
				CLANG_WARN_OBJC_LITERAL_CONVERSION = YES;
				CLANG_WARN_OBJC_ROOT_CLASS = YES_ERROR;
				CLANG_WARN_RANGE_LOOP_ANALYSIS = YES;
				CLANG_WARN_STRICT_PROTOTYPES = YES;
				CLANG_WARN_SUSPICIOUS_MOVE = YES;
				CLANG_WARN_UNGUARDED_AVAILABILITY = YES_AGGRESSIVE;
				CLANG_WARN_UNREACHABLE_CODE = YES;
				CLANG_WARN__DUPLICATE_METHOD_MATCH = YES;
				CODE_SIGN_IDENTITY = "iPhone Developer";
				COPY_PHASE_STRIP = NO;
				DEBUG_INFORMATION_FORMAT = "dwarf-with-dsym";
				ENABLE_NS_ASSERTIONS = NO;
				ENABLE_STRICT_OBJC_MSGSEND = YES;
				GCC_C_LANGUAGE_STANDARD = gnu11;
				GCC_NO_COMMON_BLOCKS = YES;
				GCC_WARN_64_TO_32_BIT_CONVERSION = YES;
				GCC_WARN_ABOUT_RETURN_TYPE = YES_ERROR;
				GCC_WARN_UNDECLARED_SELECTOR = YES;
				GCC_WARN_UNINITIALIZED_AUTOS = YES_AGGRESSIVE;
				GCC_WARN_UNUSED_FUNCTION = YES;
				GCC_WARN_UNUSED_VARIABLE = YES;
				IPHONEOS_DEPLOYMENT_TARGET = 11.3;
				MTL_ENABLE_DEBUG_INFO = NO;
				SDKROOT = iphoneos;
				SWIFT_COMPILATION_MODE = wholemodule;
				SWIFT_OPTIMIZATION_LEVEL = "-O";
				VALIDATE_PRODUCT = YES;
			};
			name = Release;
		};
		167A409721037D0800544163 /* Debug */ = {
			isa = XCBuildConfiguration;
			baseConfigurationReference = 1BFFA16ECED48B14D154B15B /* Pods-ContacsDelete.debug.xcconfig */;
			buildSettings = {
				ASSETCATALOG_COMPILER_APPICON_NAME = AppIcon;
				CODE_SIGN_STYLE = Automatic;
				DEVELOPMENT_TEAM = GR5E89RNHJ;
				INFOPLIST_FILE = ContacsDelete/Info.plist;
				LD_RUNPATH_SEARCH_PATHS = (
					"$(inherited)",
					"@executable_path/Frameworks",
				);
				PRODUCT_BUNDLE_IDENTIFIER = iPersianDeveloper.ContacsDelete;
				PRODUCT_NAME = "$(TARGET_NAME)";
				SWIFT_VERSION = 4.0;
				TARGETED_DEVICE_FAMILY = "1,2";
			};
			name = Debug;
		};
		167A409821037D0800544163 /* Release */ = {
			isa = XCBuildConfiguration;
			baseConfigurationReference = CDEAE31FD8BF23EBA2F39F52 /* Pods-ContacsDelete.release.xcconfig */;
			buildSettings = {
				ASSETCATALOG_COMPILER_APPICON_NAME = AppIcon;
				CODE_SIGN_STYLE = Automatic;
				DEVELOPMENT_TEAM = GR5E89RNHJ;
				INFOPLIST_FILE = ContacsDelete/Info.plist;
				LD_RUNPATH_SEARCH_PATHS = (
					"$(inherited)",
					"@executable_path/Frameworks",
				);
				PRODUCT_BUNDLE_IDENTIFIER = iPersianDeveloper.ContacsDelete;
				PRODUCT_NAME = "$(TARGET_NAME)";
				SWIFT_VERSION = 4.0;
				TARGETED_DEVICE_FAMILY = "1,2";
			};
			name = Release;
		};
/* End XCBuildConfiguration section */

/* Begin XCConfigurationList section */
		167A407F21037D0400544163 /* Build configuration list for PBXProject "ContacsDelete" */ = {
			isa = XCConfigurationList;
			buildConfigurations = (
				167A409421037D0800544163 /* Debug */,
				167A409521037D0800544163 /* Release */,
			);
			defaultConfigurationIsVisible = 0;
			defaultConfigurationName = Release;
		};
		167A409621037D0800544163 /* Build configuration list for PBXNativeTarget "ContacsDelete" */ = {
			isa = XCConfigurationList;
			buildConfigurations = (
				167A409721037D0800544163 /* Debug */,
				167A409821037D0800544163 /* Release */,
			);
			defaultConfigurationIsVisible = 0;
			defaultConfigurationName = Release;
		};
/* End XCConfigurationList section */
	};
	rootObject = 167A407C21037D0400544163 /* Project object */;
}
